{
  "name": "d3-sequence-diagram",
  "version": "0.0.1",
  "lockfileVersion": 1,
  "requires": true,
  "dependencies": {
    "commander": {
      "version": "2.11.0",
      "resolved": "https://registry.npmjs.org/commander/-/commander-2.11.0.tgz",
      "integrity": "sha512-b0553uYA5YAEGgyYIGYROzKQ7X5RAqedkfjiZxwi0kL1g3bOaBNNZfYkzt/CL0umgD5wc9Jec2FbB98CjkMRvQ==",
      "dev": true
    },
    "rollup": {
      "version": "0.45.2",
      "resolved": "https://registry.npmjs.org/rollup/-/rollup-0.45.2.tgz",
      "integrity": "sha1-Y6KEwrMSNGVvJOnpcX+rtqfw+kM=",
      "dev": true,
      "requires": {
        "source-map-support": "0.4.15"
      },
      "dependencies": {
        "source-map-support": {
          "version": "0.4.15",
          "resolved": "https://registry.npmjs.org/source-map-support/-/source-map-support-0.4.15.tgz",
          "integrity": "sha1-AyAt9lwG0r2MfsI2KhkwVv7407E=",
          "dev": true,
          "requires": {
            "source-map": "0.5.6"
          },
          "dependencies": {
            "source-map": {
              "version": "0.5.6",
              "resolved": "https://registry.npmjs.org/source-map/-/source-map-0.5.6.tgz",
              "integrity": "sha1-dc449SvwczxafwwRjYEzSiu19BI=",
              "dev": true
            }
          }
        }
      }
    },
    "rollup-plugin-node-resolve": {
      "version": "2.1.1",
      "resolved": "https://registry.npmjs.org/rollup-plugin-node-resolve/-/rollup-plugin-node-resolve-2.1.1.tgz",
      "integrity": "sha1-y7eDsNFbAnlNWJFTULLw2QK43cg=",
      "dev": true,
      "requires": {
        "browser-resolve": "1.11.2",
        "builtin-modules": "1.1.1",
        "resolve": "1.3.3"
      },
      "dependencies": {
        "browser-resolve": {
          "version": "1.11.2",
          "resolved": "https://registry.npmjs.org/browser-resolve/-/browser-resolve-1.11.2.tgz",
          "integrity": "sha1-j/CbCixCFxihBRwmCzLkj0QpOM4=",
          "dev": true,
          "requires": {
            "resolve": "1.1.7"
          },
          "dependencies": {
            "resolve": {
              "version": "1.1.7",
              "resolved": "https://registry.npmjs.org/resolve/-/resolve-1.1.7.tgz",
              "integrity": "sha1-IDEU2CrSxe2ejgQRs5ModeiJ6Xs=",
              "dev": true
            }
          }
        },
        "builtin-modules": {
          "version": "1.1.1",
          "resolved": "https://registry.npmjs.org/builtin-modules/-/builtin-modules-1.1.1.tgz",
          "integrity": "sha1-Jw8HbFpywC9bZaR9+Uxf46J4iS8=",
          "dev": true
        },
        "resolve": {
          "version": "1.3.3",
          "resolved": "https://registry.npmjs.org/resolve/-/resolve-1.3.3.tgz",
          "integrity": "sha1-ZVkHw0aahoDcLeOidaj91paR8OU=",
          "dev": true,
          "requires": {
            "path-parse": "1.0.5"
          },
          "dependencies": {
            "path-parse": {
              "version": "1.0.5",
              "resolved": "https://registry.npmjs.org/path-parse/-/path-parse-1.0.5.tgz",
              "integrity": "sha1-PBrfhx6pzWyUMbbqK9dKD/BVxME=",
              "dev": true
            }
          }
        }
      }
    },
    "source-map": {
      "version": "0.6.1",
      "resolved": "https://registry.npmjs.org/source-map/-/source-map-0.6.1.tgz",
      "integrity": "sha512-UjgapumWlbMhkBgzT7Ykc5YXUT46F0iKu8SGXq0bcwP5dz/h0Plj6enJqjz1Zbq2l5WaqYnrVbwWOWMyF3F47g==",
      "dev": true
    },
    "uglify-es": {
      "version": "3.1.10",
      "resolved": "https://registry.npmjs.org/uglify-es/-/uglify-es-3.1.10.tgz",
      "integrity": "sha512-RwBX0aOeHvO8MKKUeLCArQGb9OZ6xA+EqfVxsE9wqK0saFYFVLIFvHeeCOg61C6NO6KCuSiG9OjNjCA+OB4nzg==",
      "dev": true,
      "requires": {
        "commander": "2.11.0",
        "source-map": "0.6.1"
      }
    }
  }
}
